
Microsoft Visual Studio Solution File, Format Version 12.00
# Visual Studio Version 17
VisualStudioVersion = 17.0.31903.59
MinimumVisualStudioVersion = 10.0.40219.1
Project("{2150E333-8FDC-42A3-9474-1A3956D46DE8}") = "src", "src", "{827E0CD3-B72D-47B6-A68D-7590B98EB39B}"
EndProject
Project("{2150E333-8FDC-42A3-9474-1A3956D46DE8}") = "BuildingBlocks", "BuildingBlocks", "{90298CBA-BD6F-3A0A-69D5-97CAD7B05E7E}"
EndProject
Project("{FAE04EC0-301F-11D3-BF4B-00C04F79EFBC}") = "RoomTrack.BuildingBlocks", "src\BuildingBlocks\RoomTrack.BuildingBlocks\RoomTrack.BuildingBlocks.csproj", "{9FA55A07-473E-4F12-B240-B578DA33A4E6}"
EndProject
Project("{FAE04EC0-301F-11D3-BF4B-00C04F79EFBC}") = "RoomTrack.Contracts", "src\BuildingBlocks\RoomTrack.Contracts\RoomTrack.Contracts.csproj", "{89CF4A5A-8EAE-4D4D-B5F5-0BEE684B6EEC}"
EndProject
Project("{2150E333-8FDC-42A3-9474-1A3956D46DE8}") = "Gateway", "Gateway", "{6306A8FB-679E-111F-6585-8F70E0EE6013}"
EndProject
Project("{FAE04EC0-301F-11D3-BF4B-00C04F79EFBC}") = "RoomTrack.Gateway", "src\Gateway\RoomTrack.Gateway\RoomTrack.Gateway.csproj", "{F3DF3D11-388C-4D8D-8361-5F8E143A7E11}"
EndProject
Project("{2150E333-8FDC-42A3-9474-1A3956D46DE8}") = "Services", "Services", "{984BB9B3-3FA3-BE33-9484-CAC21695A33C}"
EndProject
Project("{FAE04EC0-301F-11D3-BF4B-00C04F79EFBC}") = "RoomTrack.Accommodations.API", "src\Services\Accommodations\RoomTrack.Accommodations.API\RoomTrack.Accommodations.API.csproj", "{B456270E-20A2-4D50-A157-F2DC07CD4FA7}"
EndProject
Project("{FAE04EC0-301F-11D3-BF4B-00C04F79EFBC}") = "RoomTrack.Analytics.API", "src\Services\Analytics\RoomTrack.Analytics.API\RoomTrack.Analytics.API.csproj", "{AAE95120-8B95-4B3C-92C9-0368473E97BC}"
EndProject
Project("{FAE04EC0-301F-11D3-BF4B-00C04F79EFBC}") = "RoomTrack.Bookings.API", "src\Services\Bookings\RoomTrack.Bookings.API\RoomTrack.Bookings.API.csproj", "{3FB10A41-D616-40E1-BA7B-4167726398B4}"
EndProject
Project("{FAE04EC0-301F-11D3-BF4B-00C04F79EFBC}") = "RoomTrack.Identity.API", "src\Services\Identity\RoomTrack.Identity.API\RoomTrack.Identity.API.csproj", "{EF2053A0-6435-4438-9C8F-848CA8A7484C}"
EndProject
Project("{FAE04EC0-301F-11D3-BF4B-00C04F79EFBC}") = "RoomTrack.Notifications.Worker", "src\Services\Notifications\RoomTrack.Notifications.Worker\RoomTrack.Notifications.Worker.csproj", "{A74B5C8C-73D1-48FB-9731-A1D91042F391}"
EndProject
Project("{FAE04EC0-301F-11D3-BF4B-00C04F79EFBC}") = "RoomTrack.Profiles.API", "src\Services\Profiles\RoomTrack.Profiles.API\RoomTrack.Profiles.API.csproj", "{C598A3D2-663C-4EFB-A501-30BB05C12AE4}"
EndProject
Project("{2150E333-8FDC-42A3-9474-1A3956D46DE8}") = "tests", "tests", "{0AB3BF05-4346-4AA6-1389-037BE0695223}"
EndProject
Project("{FAE04EC0-301F-11D3-BF4B-00C04F79EFBC}") = "RoomTrack.Accommodations.API.Tests", "tests\RoomTrack.Accommodations.API.Tests\RoomTrack.Accommodations.API.Tests.csproj", "{A71105B2-B044-4895-AD07-72E3BE3FF74C}"
EndProject
Project("{FAE04EC0-301F-11D3-BF4B-00C04F79EFBC}") = "RoomTrack.Bookings.API.Tests", "tests\RoomTrack.Bookings.API.Tests\RoomTrack.Bookings.API.Tests.csproj", "{06BB1AEA-CF0A-4D6D-8907-A0EE85939A77}"
EndProject
Project("{FAE04EC0-301F-11D3-BF4B-00C04F79EFBC}") = "RoomTrack.Profiles.API.Tests", "tests\RoomTrack.Profiles.API.Tests\RoomTrack.Profiles.API.Tests.csproj", "{AF652692-2186-4947-A78A-0AAD4D5FB289}"
EndProject
Global
	GlobalSection(SolutionConfigurationPlatforms) = preSolution
		Debug|Any CPU = Debug|Any CPU
		Debug|x64 = Debug|x64
		Debug|x86 = Debug|x86
		Release|Any CPU = Release|Any CPU
		Release|x64 = Release|x64
		Release|x86 = Release|x86
	EndGlobalSection
	GlobalSection(ProjectConfigurationPlatforms) = postSolution
		{9FA55A07-473E-4F12-B240-B578DA33A4E6}.Debug|Any CPU.ActiveCfg = Debug|Any CPU
		{9FA55A07-473E-4F12-B240-B578DA33A4E6}.Debug|Any CPU.Build.0 = Debug|Any CPU
		{9FA55A07-473E-4F12-B240-B578DA33A4E6}.Debug|x64.ActiveCfg = Debug|Any CPU
		{9FA55A07-473E-4F12-B240-B578DA33A4E6}.Debug|x64.Build.0 = Debug|Any CPU
		{9FA55A07-473E-4F12-B240-B578DA33A4E6}.Debug|x86.ActiveCfg = Debug|Any CPU
		{9FA55A07-473E-4F12-B240-B578DA33A4E6}.Debug|x86.Build.0 = Debug|Any CPU
		{9FA55A07-473E-4F12-B240-B578DA33A4E6}.Release|Any CPU.ActiveCfg = Release|Any CPU
		{9FA55A07-473E-4F12-B240-B578DA33A4E6}.Release|Any CPU.Build.0 = Release|Any CPU
		{9FA55A07-473E-4F12-B240-B578DA33A4E6}.Release|x64.ActiveCfg = Release|Any CPU
		{9FA55A07-473E-4F12-B240-B578DA33A4E6}.Release|x64.Build.0 = Release|Any CPU
		{9FA55A07-473E-4F12-B240-B578DA33A4E6}.Release|x86.ActiveCfg = Release|Any CPU
		{9FA55A07-473E-4F12-B240-B578DA33A4E6}.Release|x86.Build.0 = Release|Any CPU
		{89CF4A5A-8EAE-4D4D-B5F5-0BEE684B6EEC}.Debug|Any CPU.ActiveCfg = Debug|Any CPU
		{89CF4A5A-8EAE-4D4D-B5F5-0BEE684B6EEC}.Debug|Any CPU.Build.0 = Debug|Any CPU
		{89CF4A5A-8EAE-4D4D-B5F5-0BEE684B6EEC}.Debug|x64.ActiveCfg = Debug|Any CPU
		{89CF4A5A-8EAE-4D4D-B5F5-0BEE684B6EEC}.Debug|x64.Build.0 = Debug|Any CPU
		{89CF4A5A-8EAE-4D4D-B5F5-0BEE684B6EEC}.Debug|x86.ActiveCfg = Debug|Any CPU
		{89CF4A5A-8EAE-4D4D-B5F5-0BEE684B6EEC}.Debug|x86.Build.0 = Debug|Any CPU
		{89CF4A5A-8EAE-4D4D-B5F5-0BEE684B6EEC}.Release|Any CPU.ActiveCfg = Release|Any CPU
		{89CF4A5A-8EAE-4D4D-B5F5-0BEE684B6EEC}.Release|Any CPU.Build.0 = Release|Any CPU
		{89CF4A5A-8EAE-4D4D-B5F5-0BEE684B6EEC}.Release|x64.ActiveCfg = Release|Any CPU
		{89CF4A5A-8EAE-4D4D-B5F5-0BEE684B6EEC}.Release|x64.Build.0 = Release|Any CPU
		{89CF4A5A-8EAE-4D4D-B5F5-0BEE684B6EEC}.Release|x86.ActiveCfg = Release|Any CPU
		{89CF4A5A-8EAE-4D4D-B5F5-0BEE684B6EEC}.Release|x86.Build.0 = Release|Any CPU
		{F3DF3D11-388C-4D8D-8361-5F8E143A7E11}.Debug|Any CPU.ActiveCfg = Debug|Any CPU
		{F3DF3D11-388C-4D8D-8361-5F8E143A7E11}.Debug|Any CPU.Build.0 = Debug|Any CPU
		{F3DF3D11-388C-4D8D-8361-5F8E143A7E11}.Debug|x64.ActiveCfg = Debug|Any CPU
		{F3DF3D11-388C-4D8D-8361-5F8E143A7E11}.Debug|x64.Build.0 = Debug|Any CPU
		{F3DF3D11-388C-4D8D-8361-5F8E143A7E11}.Debug|x86.ActiveCfg = Debug|Any CPU
		{F3DF3D11-388C-4D8D-8361-5F8E143A7E11}.Debug|x86.Build.0 = Debug|Any CPU
		{F3DF3D11-388C-4D8D-8361-5F8E143A7E11}.Release|Any CPU.ActiveCfg = Release|Any CPU
		{F3DF3D11-388C-4D8D-8361-5F8E143A7E11}.Release|Any CPU.Build.0 = Release|Any CPU
		{F3DF3D11-388C-4D8D-8361-5F8E143A7E11}.Release|x64.ActiveCfg = Release|Any CPU
		{F3DF3D11-388C-4D8D-8361-5F8E143A7E11}.Release|x64.Build.0 = Release|Any CPU
		{F3DF3D11-388C-4D8D-8361-5F8E143A7E11}.Release|x86.ActiveCfg = Release|Any CPU
		{F3DF3D11-388C-4D8D-8361-5F8E143A7E11}.Release|x86.Build.0 = Release|Any CPU
		{B456270E-20A2-4D50-A157-F2DC07CD4FA7}.Debug|Any CPU.ActiveCfg = Debug|Any CPU
		{B456270E-20A2-4D50-A157-F2DC07CD4FA7}.Debug|Any CPU.Build.0 = Debug|Any CPU
		{B456270E-20A2-4D50-A157-F2DC07CD4FA7}.Debug|x64.ActiveCfg = Debug|Any CPU
		{B456270E-20A2-4D50-A157-F2DC07CD4FA7}.Debug|x64.Build.0 = Debug|Any CPU
		{B456270E-20A2-4D50-A157-F2DC07CD4FA7}.Debug|x86.ActiveCfg = Debug|Any CPU
		{B456270E-20A2-4D50-A157-F2DC07CD4FA7}.Debug|x86.Build.0 = Debug|Any CPU
		{B456270E-20A2-4D50-A157-F2DC07CD4FA7}.Release|Any CPU.ActiveCfg = Release|Any CPU
		{B456270E-20A2-4D50-A157-F2DC07CD4FA7}.Release|Any CPU.Build.0 = Release|Any CPU
		{B456270E-20A2-4D50-A157-F2DC07CD4FA7}.Release|x64.ActiveCfg = Release|Any CPU
		{B456270E-20A2-4D50-A157-F2DC07CD4FA7}.Release|x64.Build.0 = Release|Any CPU
		{B456270E-20A2-4D50-A157-F2DC07CD4FA7}.Release|x86.ActiveCfg = Release|Any CPU
		{B456270E-20A2-4D50-A157-F2DC07CD4FA7}.Release|x86.Build.0 = Release|Any CPU
		{AAE95120-8B95-4B3C-92C9-0368473E97BC}.Debug|Any CPU.ActiveCfg = Debug|Any CPU
		{AAE95120-8B95-4B3C-92C9-0368473E97BC}.Debug|Any CPU.Build.0 = Debug|Any CPU
		{AAE95120-8B95-4B3C-92C9-0368473E97BC}.Debug|x64.ActiveCfg = Debug|Any CPU
		{AAE95120-8B95-4B3C-92C9-0368473E97BC}.Debug|x64.Build.0 = Debug|Any CPU
		{AAE95120-8B95-4B3C-92C9-0368473E97BC}.Debug|x86.ActiveCfg = Debug|Any CPU
		{AAE95120-8B95-4B3C-92C9-0368473E97BC}.Debug|x86.Build.0 = Debug|Any CPU
		{AAE95120-8B95-4B3C-92C9-0368473E97BC}.Release|Any CPU.ActiveCfg = Release|Any CPU
		{AAE95120-8B95-4B3C-92C9-0368473E97BC}.Release|Any CPU.Build.0 = Release|Any CPU
		{AAE95120-8B95-4B3C-92C9-0368473E97BC}.Release|x64.ActiveCfg = Release|Any CPU
		{AAE95120-8B95-4B3C-92C9-0368473E97BC}.Release|x64.Build.0 = Release|Any CPU
		{AAE95120-8B95-4B3C-92C9-0368473E97BC}.Release|x86.ActiveCfg = Release|Any CPU
		{AAE95120-8B95-4B3C-92C9-0368473E97BC}.Release|x86.Build.0 = Release|Any CPU
		{3FB10A41-D616-40E1-BA7B-4167726398B4}.Debug|Any CPU.ActiveCfg = Debug|Any CPU
		{3FB10A41-D616-40E1-BA7B-4167726398B4}.Debug|Any CPU.Build.0 = Debug|Any CPU
		{3FB10A41-D616-40E1-BA7B-4167726398B4}.Debug|x64.ActiveCfg = Debug|Any CPU
		{3FB10A41-D616-40E1-BA7B-4167726398B4}.Debug|x64.Build.0 = Debug|Any CPU
		{3FB10A41-D616-40E1-BA7B-4167726398B4}.Debug|x86.ActiveCfg = Debug|Any CPU
		{3FB10A41-D616-40E1-BA7B-4167726398B4}.Debug|x86.Build.0 = Debug|Any CPU
		{3FB10A41-D616-40E1-BA7B-4167726398B4}.Release|Any CPU.ActiveCfg = Release|Any CPU
		{3FB10A41-D616-40E1-BA7B-4167726398B4}.Release|Any CPU.Build.0 = Release|Any CPU
		{3FB10A41-D616-40E1-BA7B-4167726398B4}.Release|x64.ActiveCfg = Release|Any CPU
		{3FB10A41-D616-40E1-BA7B-4167726398B4}.Release|x64.Build.0 = Release|Any CPU
		{3FB10A41-D616-40E1-BA7B-4167726398B4}.Release|x86.ActiveCfg = Release|Any CPU
		{3FB10A41-D616-40E1-BA7B-4167726398B4}.Release|x86.Build.0 = Release|Any CPU
		{EF2053A0-6435-4438-9C8F-848CA8A7484C}.Debug|Any CPU.ActiveCfg = Debug|Any CPU
		{EF2053A0-6435-4438-9C8F-848CA8A7484C}.Debug|Any CPU.Build.0 = Debug|Any CPU
		{EF2053A0-6435-4438-9C8F-848CA8A7484C}.Debug|x64.ActiveCfg = Debug|Any CPU
		{EF2053A0-6435-4438-9C8F-848CA8A7484C}.Debug|x64.Build.0 = Debug|Any CPU
		{EF2053A0-6435-4438-9C8F-848CA8A7484C}.Debug|x86.ActiveCfg = Debug|Any CPU
		{EF2053A0-6435-4438-9C8F-848CA8A7484C}.Debug|x86.Build.0 = Debug|Any CPU
		{EF2053A0-6435-4438-9C8F-848CA8A7484C}.Release|Any CPU.ActiveCfg = Release|Any CPU
		{EF2053A0-6435-4438-9C8F-848CA8A7484C}.Release|Any CPU.Build.0 = Release|Any CPU
		{EF2053A0-6435-4438-9C8F-848CA8A7484C}.Release|x64.ActiveCfg = Release|Any CPU
		{EF2053A0-6435-4438-9C8F-848CA8A7484C}.Release|x64.Build.0 = Release|Any CPU
		{EF2053A0-6435-4438-9C8F-848CA8A7484C}.Release|x86.ActiveCfg = Release|Any CPU
		{EF2053A0-6435-4438-9C8F-848CA8A7484C}.Release|x86.Build.0 = Release|Any CPU
		{A74B5C8C-73D1-48FB-9731-A1D91042F391}.Debug|Any CPU.ActiveCfg = Debug|Any CPU
		{A74B5C8C-73D1-48FB-9731-A1D91042F391}.Debug|Any CPU.Build.0 = Debug|Any CPU
		{A74B5C8C-73D1-48FB-9731-A1D91042F391}.Debug|x64.ActiveCfg = Debug|Any CPU
		{A74B5C8C-73D1-48FB-9731-A1D91042F391}.Debug|x64.Build.0 = Debug|Any CPU
		{A74B5C8C-73D1-48FB-9731-A1D91042F391}.Debug|x86.ActiveCfg = Debug|Any CPU
		{A74B5C8C-73D1-48FB-9731-A1D91042F391}.Debug|x86.Build.0 = Debug|Any CPU
		{A74B5C8C-73D1-48FB-9731-A1D91042F391}.Release|Any CPU.ActiveCfg = Release|Any CPU
		{A74B5C8C-73D1-48FB-9731-A1D91042F391}.Release|Any CPU.Build.0 = Release|Any CPU
		{A74B5C8C-73D1-48FB-9731-A1D91042F391}.Release|x64.ActiveCfg = Release|Any CPU
		{A74B5C8C-73D1-48FB-9731-A1D91042F391}.Release|x64.Build.0 = Release|Any CPU
		{A74B5C8C-73D1-48FB-9731-A1D91042F391}.Release|x86.ActiveCfg = Release|Any CPU
		{A74B5C8C-73D1-48FB-9731-A1D91042F391}.Release|x86.Build.0 = Release|Any CPU
		{C598A3D2-663C-4EFB-A501-30BB05C12AE4}.Debug|Any CPU.ActiveCfg = Debug|Any CPU
		{C598A3D2-663C-4EFB-A501-30BB05C12AE4}.Debug|Any CPU.Build.0 = Debug|Any CPU
		{C598A3D2-663C-4EFB-A501-30BB05C12AE4}.Debug|x64.ActiveCfg = Debug|Any CPU
		{C598A3D2-663C-4EFB-A501-30BB05C12AE4}.Debug|x64.Build.0 = Debug|Any CPU
		{C598A3D2-663C-4EFB-A501-30BB05C12AE4}.Debug|x86.ActiveCfg = Debug|Any CPU
		{C598A3D2-663C-4EFB-A501-30BB05C12AE4}.Debug|x86.Build.0 = Debug|Any CPU
		{C598A3D2-663C-4EFB-A501-30BB05C12AE4}.Release|Any CPU.ActiveCfg = Release|Any CPU
		{C598A3D2-663C-4EFB-A501-30BB05C12AE4}.Release|Any CPU.Build.0 = Release|Any CPU
		{C598A3D2-663C-4EFB-A501-30BB05C12AE4}.Release|x64.ActiveCfg = Release|Any CPU
		{C598A3D2-663C-4EFB-A501-30BB05C12AE4}.Release|x64.Build.0 = Release|Any CPU
		{C598A3D2-663C-4EFB-A501-30BB05C12AE4}.Release|x86.ActiveCfg = Release|Any CPU
		{C598A3D2-663C-4EFB-A501-30BB05C12AE4}.Release|x86.Build.0 = Release|Any CPU
		{A71105B2-B044-4895-AD07-72E3BE3FF74C}.Debug|Any CPU.ActiveCfg = Debug|Any CPU
		{A71105B2-B044-4895-AD07-72E3BE3FF74C}.Debug|Any CPU.Build.0 = Debug|Any CPU
		{A71105B2-B044-4895-AD07-72E3BE3FF74C}.Debug|x64.ActiveCfg = Debug|Any CPU
		{A71105B2-B044-4895-AD07-72E3BE3FF74C}.Debug|x64.Build.0 = Debug|Any CPU
		{A71105B2-B044-4895-AD07-72E3BE3FF74C}.Debug|x86.ActiveCfg = Debug|Any CPU
		{A71105B2-B044-4895-AD07-72E3BE3FF74C}.Debug|x86.Build.0 = Debug|Any CPU
		{A71105B2-B044-4895-AD07-72E3BE3FF74C}.Release|Any CPU.ActiveCfg = Release|Any CPU
		{A71105B2-B044-4895-AD07-72E3BE3FF74C}.Release|Any CPU.Build.0 = Release|Any CPU
		{A71105B2-B044-4895-AD07-72E3BE3FF74C}.Release|x64.ActiveCfg = Release|Any CPU
		{A71105B2-B044-4895-AD07-72E3BE3FF74C}.Release|x64.Build.0 = Release|Any CPU
		{A71105B2-B044-4895-AD07-72E3BE3FF74C}.Release|x86.ActiveCfg = Release|Any CPU
		{A71105B2-B044-4895-AD07-72E3BE3FF74C}.Release|x86.Build.0 = Release|Any CPU
		{06BB1AEA-CF0A-4D6D-8907-A0EE85939A77}.Debug|Any CPU.ActiveCfg = Debug|Any CPU
		{06BB1AEA-CF0A-4D6D-8907-A0EE85939A77}.Debug|Any CPU.Build.0 = Debug|Any CPU
		{06BB1AEA-CF0A-4D6D-8907-A0EE85939A77}.Debug|x64.ActiveCfg = Debug|Any CPU
		{06BB1AEA-CF0A-4D6D-8907-A0EE85939A77}.Debug|x64.Build.0 = Debug|Any CPU
		{06BB1AEA-CF0A-4D6D-8907-A0EE85939A77}.Debug|x86.ActiveCfg = Debug|Any CPU
		{06BB1AEA-CF0A-4D6D-8907-A0EE85939A77}.Debug|x86.Build.0 = Debug|Any CPU
		{06BB1AEA-CF0A-4D6D-8907-A0EE85939A77}.Release|Any CPU.ActiveCfg = Release|Any CPU
		{06BB1AEA-CF0A-4D6D-8907-A0EE85939A77}.Release|Any CPU.Build.0 = Release|Any CPU
		{06BB1AEA-CF0A-4D6D-8907-A0EE85939A77}.Release|x64.ActiveCfg = Release|Any CPU
		{06BB1AEA-CF0A-4D6D-8907-A0EE85939A77}.Release|x64.Build.0 = Release|Any CPU
		{06BB1AEA-CF0A-4D6D-8907-A0EE85939A77}.Release|x86.ActiveCfg = Release|Any CPU
		{06BB1AEA-CF0A-4D6D-8907-A0EE85939A77}.Release|x86.Build.0 = Release|Any CPU
		{AF652692-2186-4947-A78A-0AAD4D5FB289}.Debug|Any CPU.ActiveCfg = Debug|Any CPU
		{AF652692-2186-4947-A78A-0AAD4D5FB289}.Debug|Any CPU.Build.0 = Debug|Any CPU
		{AF652692-2186-4947-A78A-0AAD4D5FB289}.Debug|x64.ActiveCfg = Debug|Any CPU
		{AF652692-2186-4947-A78A-0AAD4D5FB289}.Debug|x64.Build.0 = Debug|Any CPU
		{AF652692-2186-4947-A78A-0AAD4D5FB289}.Debug|x86.ActiveCfg = Debug|Any CPU
		{AF652692-2186-4947-A78A-0AAD4D5FB289}.Debug|x86.Build.0 = Debug|Any CPU
		{AF652692-2186-4947-A78A-0AAD4D5FB289}.Release|Any CPU.ActiveCfg = Release|Any CPU
		{AF652692-2186-4947-A78A-0AAD4D5FB289}.Release|Any CPU.Build.0 = Release|Any CPU
		{AF652692-2186-4947-A78A-0AAD4D5FB289}.Release|x64.ActiveCfg = Release|Any CPU
		{AF652692-2186-4947-A78A-0AAD4D5FB289}.Release|x64.Build.0 = Release|Any CPU
		{AF652692-2186-4947-A78A-0AAD4D5FB289}.Release|x86.ActiveCfg = Release|Any CPU
		{AF652692-2186-4947-A78A-0AAD4D5FB289}.Release|x86.Build.0 = Release|Any CPU
	EndGlobalSection
	GlobalSection(SolutionProperties) = preSolution
		HideSolutionNode = FALSE
	EndGlobalSection
	GlobalSection(NestedProjects) = preSolution
		{90298CBA-BD6F-3A0A-69D5-97CAD7B05E7E} = {827E0CD3-B72D-47B6-A68D-7590B98EB39B}
		{9FA55A07-473E-4F12-B240-B578DA33A4E6} = {90298CBA-BD6F-3A0A-69D5-97CAD7B05E7E}
		{89CF4A5A-8EAE-4D4D-B5F5-0BEE684B6EEC} = {90298CBA-BD6F-3A0A-69D5-97CAD7B05E7E}
		{6306A8FB-679E-111F-6585-8F70E0EE6013} = {827E0CD3-B72D-47B6-A68D-7590B98EB39B}
		{F3DF3D11-388C-4D8D-8361-5F8E143A7E11} = {6306A8FB-679E-111F-6585-8F70E0EE6013}
		{984BB9B3-3FA3-BE33-9484-CAC21695A33C} = {827E0CD3-B72D-47B6-A68D-7590B98EB39B}
		{B456270E-20A2-4D50-A157-F2DC07CD4FA7} = {984BB9B3-3FA3-BE33-9484-CAC21695A33C}
		{AAE95120-8B95-4B3C-92C9-0368473E97BC} = {984BB9B3-3FA3-BE33-9484-CAC21695A33C}
		{3FB10A41-D616-40E1-BA7B-4167726398B4} = {984BB9B3-3FA3-BE33-9484-CAC21695A33C}
		{EF2053A0-6435-4438-9C8F-848CA8A7484C} = {984BB9B3-3FA3-BE33-9484-CAC21695A33C}
		{A74B5C8C-73D1-48FB-9731-A1D91042F391} = {984BB9B3-3FA3-BE33-9484-CAC21695A33C}
		{C598A3D2-663C-4EFB-A501-30BB05C12AE4} = {984BB9B3-3FA3-BE33-9484-CAC21695A33C}
		{A71105B2-B044-4895-AD07-72E3BE3FF74C} = {0AB3BF05-4346-4AA6-1389-037BE0695223}
		{06BB1AEA-CF0A-4D6D-8907-A0EE85939A77} = {0AB3BF05-4346-4AA6-1389-037BE0695223}
		{AF652692-2186-4947-A78A-0AAD4D5FB289} = {0AB3BF05-4346-4AA6-1389-037BE0695223}
	EndGlobalSection
EndGlobal
